
Microsoft Visual Studio Solution File, Format Version 12.00
# Visual Studio Version 17
VisualStudioVersion = 17.11.35219.272
MinimumVisualStudioVersion = 10.0.40219.1
Project("{FAE04EC0-301F-11D3-BF4B-00C04F79EFBC}") = "HelloWorld", "HelloWorld\HelloWorld.csproj", "{587895DF-15A8-495F-A36C-64E320C9C921}"
EndProject
Global
	GlobalSection(SolutionConfigurationPlatforms) = preSolution
		Debug|Any CPU = Debug|Any CPU
		Release|Any CPU = Release|Any CPU
	EndGlobalSection
	GlobalSection(ProjectConfigurationPlatforms) = postSolution
		{587895DF-15A8-495F-A36C-64E320C9C921}.Debug|Any CPU.ActiveCfg = Debug|Any CPU
		{587895DF-15A8-495F-A36C-64E320C9C921}.Debug|Any CPU.Build.0 = Debug|Any CPU
		{587895DF-15A8-495F-A36C-64E320C9C921}.Release|Any CPU.ActiveCfg = Release|Any CPU
		{587895DF-15A8-495F-A36C-64E320C9C921}.Release|Any CPU.Build.0 = Release|Any CPU
	EndGlobalSection
	GlobalSection(SolutionProperties) = preSolution
		HideSolutionNode = FALSE
	EndGlobalSection
	GlobalSection(ExtensibilityGlobals) = postSolution
		SolutionGuid = {194F7A29-66EF-4716-A61A-5B98C045857D}
	EndGlobalSection
EndGlobal
